
Microsoft Visual Studio Solution File, Format Version 12.00
# Visual Studio Version 16
VisualStudioVersion = 16.0.30320.27
MinimumVisualStudioVersion = 10.0.40219.1
Project("{FAE04EC0-301F-11D3-BF4B-00C04F79EFBC}") = "FindString", "FindString\FindString.csproj", "{057BC14D-611D-456F-96EE-9985E127E4CA}"
EndProject
Project("{FAE04EC0-301F-11D3-BF4B-00C04F79EFBC}") = "UnitTest.FindString", "UnitTest.FindString\UnitTest.FindString.csproj", "{51B8AE04-85BF-4A51-BE11-36115B3CF1A0}"
EndProject
Global
	GlobalSection(SolutionConfigurationPlatforms) = preSolution
		Debug|Any CPU = Debug|Any CPU
		Release|Any CPU = Release|Any CPU
	EndGlobalSection
	GlobalSection(ProjectConfigurationPlatforms) = postSolution
		{057BC14D-611D-456F-96EE-9985E127E4CA}.Debug|Any CPU.ActiveCfg = Debug|Any CPU
		{057BC14D-611D-456F-96EE-9985E127E4CA}.Debug|Any CPU.Build.0 = Debug|Any CPU
		{057BC14D-611D-456F-96EE-9985E127E4CA}.Release|Any CPU.ActiveCfg = Release|Any CPU
		{057BC14D-611D-456F-96EE-9985E127E4CA}.Release|Any CPU.Build.0 = Release|Any CPU
		{51B8AE04-85BF-4A51-BE11-36115B3CF1A0}.Debug|Any CPU.ActiveCfg = Debug|Any CPU
		{51B8AE04-85BF-4A51-BE11-36115B3CF1A0}.Debug|Any CPU.Build.0 = Debug|Any CPU
		{51B8AE04-85BF-4A51-BE11-36115B3CF1A0}.Release|Any CPU.ActiveCfg = Release|Any CPU
		{51B8AE04-85BF-4A51-BE11-36115B3CF1A0}.Release|Any CPU.Build.0 = Release|Any CPU
	EndGlobalSection
	GlobalSection(SolutionProperties) = preSolution
		HideSolutionNode = FALSE
	EndGlobalSection
	GlobalSection(ExtensibilityGlobals) = postSolution
		SolutionGuid = {1AAA08F1-8219-4A14-9B96-0CBC6FC14618}
	EndGlobalSection
EndGlobal
